
Microsoft Visual Studio Solution File, Format Version 12.00
# Visual Studio Version 16
VisualStudioVersion = 16.0.31005.135
MinimumVisualStudioVersion = 10.0.40219.1
Project("{FAE04EC0-301F-11D3-BF4B-00C04F79EFBC}") = "week09", "week09\week09.csproj", "{ADE940E5-94A9-4ADF-92D0-DAEC48A216D1}"
EndProject
Global
	GlobalSection(SolutionConfigurationPlatforms) = preSolution
		Debug|Any CPU = Debug|Any CPU
		Release|Any CPU = Release|Any CPU
	EndGlobalSection
	GlobalSection(ProjectConfigurationPlatforms) = postSolution
		{ADE940E5-94A9-4ADF-92D0-DAEC48A216D1}.Debug|Any CPU.ActiveCfg = Debug|Any CPU
		{ADE940E5-94A9-4ADF-92D0-DAEC48A216D1}.Debug|Any CPU.Build.0 = Debug|Any CPU
		{ADE940E5-94A9-4ADF-92D0-DAEC48A216D1}.Release|Any CPU.ActiveCfg = Release|Any CPU
		{ADE940E5-94A9-4ADF-92D0-DAEC48A216D1}.Release|Any CPU.Build.0 = Release|Any CPU
	EndGlobalSection
	GlobalSection(SolutionProperties) = preSolution
		HideSolutionNode = FALSE
	EndGlobalSection
	GlobalSection(ExtensibilityGlobals) = postSolution
		SolutionGuid = {A1360D68-1BA2-4371-84B6-81CAA14C775B}
	EndGlobalSection
EndGlobal
